
Microsoft Visual Studio Solution File, Format Version 12.00
# Visual Studio Version 16
VisualStudioVersion = 16.0.30711.63
MinimumVisualStudioVersion = 10.0.40219.1
Project("{2150E333-8FDC-42A3-9474-1A3956D46DE8}") = "Application", "Application", "{5B1466EA-4615-488A-AFA1-8375970D26EC}"
EndProject
Project("{2150E333-8FDC-42A3-9474-1A3956D46DE8}") = "Core", "Core", "{2A18BD94-9914-4CE5-BA19-AF7205BE75BF}"
EndProject
Project("{2150E333-8FDC-42A3-9474-1A3956D46DE8}") = "Web", "Web", "{59255A2C-F3DC-449D-B8D3-AF61872205C9}"
EndProject
Project("{9A19103F-16F7-4668-BE54-9A1E7A4F7556}") = "Mailer.Core", "src\Mailer.Core\Mailer.Core.csproj", "{E3862371-FAEB-4773-AB01-FD05B5977885}"
EndProject
Project("{2150E333-8FDC-42A3-9474-1A3956D46DE8}") = "Sender", "Sender", "{25559024-D738-4AEB-B5B0-CF7BB6A16DA9}"
EndProject
Project("{2150E333-8FDC-42A3-9474-1A3956D46DE8}") = "Data", "Data", "{039FC3A4-E1D7-4565-AAEC-E6F2DCFC8BD2}"
EndProject
Project("{9A19103F-16F7-4668-BE54-9A1E7A4F7556}") = "Mailer.Data", "src\Mailer.Data\Mailer.Data.csproj", "{DD66E9B6-75AE-4A7C-9049-9B1DFDF7D924}"
EndProject
Project("{9A19103F-16F7-4668-BE54-9A1E7A4F7556}") = "Mailer.Sender", "src\Mailer.Sender\Mailer.Sender.csproj", "{81594708-1B82-482F-96EB-8D42755F2973}"
EndProject
Project("{9A19103F-16F7-4668-BE54-9A1E7A4F7556}") = "Mailer.Api", "src\Mailer.Api\Mailer.Api.csproj", "{28FC86C6-2654-474D-A54D-6DE6D3F0E8A3}"
EndProject
Global
	GlobalSection(SolutionConfigurationPlatforms) = preSolution
		Debug|Any CPU = Debug|Any CPU
		Release|Any CPU = Release|Any CPU
	EndGlobalSection
	GlobalSection(ProjectConfigurationPlatforms) = postSolution
		{E3862371-FAEB-4773-AB01-FD05B5977885}.Debug|Any CPU.ActiveCfg = Debug|Any CPU
		{E3862371-FAEB-4773-AB01-FD05B5977885}.Debug|Any CPU.Build.0 = Debug|Any CPU
		{E3862371-FAEB-4773-AB01-FD05B5977885}.Release|Any CPU.ActiveCfg = Release|Any CPU
		{E3862371-FAEB-4773-AB01-FD05B5977885}.Release|Any CPU.Build.0 = Release|Any CPU
		{DD66E9B6-75AE-4A7C-9049-9B1DFDF7D924}.Debug|Any CPU.ActiveCfg = Debug|Any CPU
		{DD66E9B6-75AE-4A7C-9049-9B1DFDF7D924}.Debug|Any CPU.Build.0 = Debug|Any CPU
		{DD66E9B6-75AE-4A7C-9049-9B1DFDF7D924}.Release|Any CPU.ActiveCfg = Release|Any CPU
		{DD66E9B6-75AE-4A7C-9049-9B1DFDF7D924}.Release|Any CPU.Build.0 = Release|Any CPU
		{81594708-1B82-482F-96EB-8D42755F2973}.Debug|Any CPU.ActiveCfg = Debug|Any CPU
		{81594708-1B82-482F-96EB-8D42755F2973}.Debug|Any CPU.Build.0 = Debug|Any CPU
		{81594708-1B82-482F-96EB-8D42755F2973}.Release|Any CPU.ActiveCfg = Release|Any CPU
		{81594708-1B82-482F-96EB-8D42755F2973}.Release|Any CPU.Build.0 = Release|Any CPU
		{28FC86C6-2654-474D-A54D-6DE6D3F0E8A3}.Debug|Any CPU.ActiveCfg = Debug|Any CPU
		{28FC86C6-2654-474D-A54D-6DE6D3F0E8A3}.Debug|Any CPU.Build.0 = Debug|Any CPU
		{28FC86C6-2654-474D-A54D-6DE6D3F0E8A3}.Release|Any CPU.ActiveCfg = Release|Any CPU
		{28FC86C6-2654-474D-A54D-6DE6D3F0E8A3}.Release|Any CPU.Build.0 = Release|Any CPU
	EndGlobalSection
	GlobalSection(SolutionProperties) = preSolution
		HideSolutionNode = FALSE
	EndGlobalSection
	GlobalSection(NestedProjects) = preSolution
		{2A18BD94-9914-4CE5-BA19-AF7205BE75BF} = {5B1466EA-4615-488A-AFA1-8375970D26EC}
		{59255A2C-F3DC-449D-B8D3-AF61872205C9} = {5B1466EA-4615-488A-AFA1-8375970D26EC}
		{E3862371-FAEB-4773-AB01-FD05B5977885} = {2A18BD94-9914-4CE5-BA19-AF7205BE75BF}
		{25559024-D738-4AEB-B5B0-CF7BB6A16DA9} = {5B1466EA-4615-488A-AFA1-8375970D26EC}
		{039FC3A4-E1D7-4565-AAEC-E6F2DCFC8BD2} = {5B1466EA-4615-488A-AFA1-8375970D26EC}
		{DD66E9B6-75AE-4A7C-9049-9B1DFDF7D924} = {039FC3A4-E1D7-4565-AAEC-E6F2DCFC8BD2}
		{81594708-1B82-482F-96EB-8D42755F2973} = {25559024-D738-4AEB-B5B0-CF7BB6A16DA9}
		{28FC86C6-2654-474D-A54D-6DE6D3F0E8A3} = {59255A2C-F3DC-449D-B8D3-AF61872205C9}
	EndGlobalSection
	GlobalSection(ExtensibilityGlobals) = postSolution
		SolutionGuid = {D84F794F-84D7-4765-8CCD-DA2E8407295E}
	EndGlobalSection
EndGlobal
